
Microsoft Visual Studio Solution File, Format Version 12.00
# Visual Studio 2012
Project("{FAE04EC0-301F-11D3-BF4B-00C04F79EFBC}") = "CassetteDemo", "CassetteDemo\CassetteDemo.csproj", "{EAD1EC94-2EC4-4B12-A5D4-B5B114CDDAC3}"
EndProject
Project("{2150E333-8FDC-42A3-9474-1A3956D46DE8}") = ".nuget", ".nuget", "{1B629172-0841-405B-AE5F-6B74FA8210C6}"
	ProjectSection(SolutionItems) = preProject
		.nuget\NuGet.Config = .nuget\NuGet.Config
		.nuget\NuGet.exe = .nuget\NuGet.exe
		.nuget\NuGet.targets = .nuget\NuGet.targets
	EndProjectSection
EndProject
Global
	GlobalSection(SolutionConfigurationPlatforms) = preSolution
		Debug|Any CPU = Debug|Any CPU
		Release|Any CPU = Release|Any CPU
	EndGlobalSection
	GlobalSection(ProjectConfigurationPlatforms) = postSolution
		{EAD1EC94-2EC4-4B12-A5D4-B5B114CDDAC3}.Debug|Any CPU.ActiveCfg = Debug|Any CPU
		{EAD1EC94-2EC4-4B12-A5D4-B5B114CDDAC3}.Debug|Any CPU.Build.0 = Debug|Any CPU
		{EAD1EC94-2EC4-4B12-A5D4-B5B114CDDAC3}.Release|Any CPU.ActiveCfg = Release|Any CPU
		{EAD1EC94-2EC4-4B12-A5D4-B5B114CDDAC3}.Release|Any CPU.Build.0 = Release|Any CPU
	EndGlobalSection
	GlobalSection(SolutionProperties) = preSolution
		HideSolutionNode = FALSE
	EndGlobalSection
EndGlobal
